
Microsoft Visual Studio Solution File, Format Version 11.00
# Visual C++ Express 2010
Project("{8BC9CEB8-8B4A-11D0-8D11-00A0C91BC942}") = "Carcassonne", "Carcassonne\Carcassonne.vcxproj", "{8FD4D4BE-A710-4A9B-A8D1-1219A84C17B6}"
EndProject
Project("{8BC9CEB8-8B4A-11D0-8D11-00A0C91BC942}") = "cameraTest", "cameraTest\cameraTest.vcxproj", "{01987B23-D232-47CD-B588-9A8B5D801FAF}"
EndProject
Project("{8BC9CEB8-8B4A-11D0-8D11-00A0C91BC942}") = "CCAssets", "CCAssets\CCAssets.vcxproj", "{8DFF167C-3DE1-486D-B0E2-60ABFA65D438}"
EndProject
Project("{8BC9CEB8-8B4A-11D0-8D11-00A0C91BC942}") = "CCConfig", "CCConfig\CCConfig.vcxproj", "{BFF6481E-1720-424E-A007-23A7304A233A}"
Project("{8BC9CEB8-8B4A-11D0-8D11-00A0C91BC942}") = "CCConfig", "CCConfig\CCConfig.vcxproj", "{DC86C9C8-0B94-4FB6-B3CB-5C5649A6B343}"
EndProject
Global
	GlobalSection(SolutionConfigurationPlatforms) = preSolution
		Debug|Win32 = Debug|Win32
		Release|Win32 = Release|Win32
	EndGlobalSection
	GlobalSection(ProjectConfigurationPlatforms) = postSolution
		{8FD4D4BE-A710-4A9B-A8D1-1219A84C17B6}.Debug|Win32.ActiveCfg = Debug|Win32
		{8FD4D4BE-A710-4A9B-A8D1-1219A84C17B6}.Debug|Win32.Build.0 = Debug|Win32
		{8FD4D4BE-A710-4A9B-A8D1-1219A84C17B6}.Release|Win32.ActiveCfg = Release|Win32
		{8FD4D4BE-A710-4A9B-A8D1-1219A84C17B6}.Release|Win32.Build.0 = Release|Win32
		{01987B23-D232-47CD-B588-9A8B5D801FAF}.Debug|Win32.ActiveCfg = Debug|Win32
		{01987B23-D232-47CD-B588-9A8B5D801FAF}.Debug|Win32.Build.0 = Debug|Win32
		{01987B23-D232-47CD-B588-9A8B5D801FAF}.Release|Win32.ActiveCfg = Release|Win32
		{01987B23-D232-47CD-B588-9A8B5D801FAF}.Release|Win32.Build.0 = Release|Win32
		{8DFF167C-3DE1-486D-B0E2-60ABFA65D438}.Debug|Win32.ActiveCfg = Debug|Win32
		{8DFF167C-3DE1-486D-B0E2-60ABFA65D438}.Debug|Win32.Build.0 = Debug|Win32
		{8DFF167C-3DE1-486D-B0E2-60ABFA65D438}.Release|Win32.ActiveCfg = Release|Win32
		{8DFF167C-3DE1-486D-B0E2-60ABFA65D438}.Release|Win32.Build.0 = Release|Win32
		{BFF6481E-1720-424E-A007-23A7304A233A}.Debug|Win32.ActiveCfg = Debug|Win32
		{BFF6481E-1720-424E-A007-23A7304A233A}.Debug|Win32.Build.0 = Debug|Win32
		{BFF6481E-1720-424E-A007-23A7304A233A}.Release|Win32.ActiveCfg = Release|Win32
		{BFF6481E-1720-424E-A007-23A7304A233A}.Release|Win32.Build.0 = Release|Win32
		{DC86C9C8-0B94-4FB6-B3CB-5C5649A6B343}.Debug|Win32.ActiveCfg = Debug|Win32
		{DC86C9C8-0B94-4FB6-B3CB-5C5649A6B343}.Debug|Win32.Build.0 = Debug|Win32
		{DC86C9C8-0B94-4FB6-B3CB-5C5649A6B343}.Release|Win32.ActiveCfg = Release|Win32
		{DC86C9C8-0B94-4FB6-B3CB-5C5649A6B343}.Release|Win32.Build.0 = Release|Win32
	EndGlobalSection
	GlobalSection(SolutionProperties) = preSolution
		HideSolutionNode = FALSE
	EndGlobalSection
EndGlobal
