<?xml version="1.0" encoding="utf-8"?>
<Project ToolsVersion="4.0" xmlns="http://schemas.microsoft.com/developer/msbuild/2003">
  <ItemGroup>
    <Filter Include="Source Files">
      <UniqueIdentifier>{4FC737F1-C7A5-4376-A066-2A32D752A2FF}</UniqueIdentifier>
      <Extensions>cpp;c;cc;cxx;def;odl;idl;hpj;bat;asm;asmx</Extensions>
    </Filter>
    <Filter Include="Header Files">
      <UniqueIdentifier>{93995380-89BD-4b04-88EB-625FBE52EBFB}</UniqueIdentifier>
      <Extensions>h;hpp;hxx;hm;inl;inc;xsd</Extensions>
    </Filter>
    <Filter Include="Resource Files">
      <UniqueIdentifier>{67DA6AB6-F800-4c08-8B7A-83BB121AAD01}</UniqueIdentifier>
      <Extensions>rc;ico;cur;bmp;dlg;rc2;rct;bin;rgs;gif;jpg;jpeg;jpe;resx;tiff;tif;png;wav;mfcribbon-ms</Extensions>
    </Filter>
    <Filter Include="Header Files\db">
      <UniqueIdentifier>{4b6e15b6-0ea7-419f-9cc7-3cfa8e76ddea}</UniqueIdentifier>
    </Filter>
    <Filter Include="Source Files\db">
      <UniqueIdentifier>{5260f6b4-cace-4581-b95f-ecac31f2db30}</UniqueIdentifier>
    </Filter>
  </ItemGroup>
  <ItemGroup>
    <ClCompile Include="src\main.cc">
      <Filter>Source Files</Filter>
    </ClCompile>
    <ClCompile Include="src\game.cc">
      <Filter>Source Files</Filter>
    </ClCompile>
    <ClCompile Include="src\db\db.cc">
      <Filter>Source Files\db</Filter>
    </ClCompile>
    <ClCompile Include="src\db\stmt.cc">
      <Filter>Source Files\db</Filter>
    </ClCompile>
    <ClCompile Include="src\sqlite3.c">
      <Filter>Source Files</Filter>
    </ClCompile>
    <ClCompile Include="src\graphics_configuration.cc">
      <Filter>Source Files</Filter>
    </ClCompile>
  </ItemGroup>
  <ItemGroup>
    <ClInclude Include="include\game.h">
      <Filter>Header Files</Filter>
    </ClInclude>
    <ClInclude Include="include\_carcassonne.h">
      <Filter>Header Files</Filter>
    </ClInclude>
    <ClInclude Include="include\db\db.h">
      <Filter>Header Files\db</Filter>
    </ClInclude>
    <ClInclude Include="include\db\stmt.h">
      <Filter>Header Files\db</Filter>
    </ClInclude>
    <ClInclude Include="include\db\transaction.h">
      <Filter>Header Files\db</Filter>
    </ClInclude>
    <ClInclude Include="include\sqlite3.h">
      <Filter>Header Files</Filter>
    </ClInclude>
    <ClInclude Include="include\graphics_configuration.h">
      <Filter>Header Files</Filter>
    </ClInclude>
  </ItemGroup>
  <ItemGroup>
    <None Include="include\db\db.inl">
      <Filter>Header Files\db</Filter>
    </None>
    <None Include="include\db\stmt.inl">
      <Filter>Header Files\db</Filter>
    </None>
    <None Include="include\db\transaction.inl">
      <Filter>Header Files\db</Filter>
    </None>
  </ItemGroup>
</Project>