<?xml version="1.0" encoding="utf-8"?>
<Project ToolsVersion="4.0" xmlns="http://schemas.microsoft.com/developer/msbuild/2003">
  <ItemGroup>
    <Filter Include="Source Files">
      <UniqueIdentifier>{4FC737F1-C7A5-4376-A066-2A32D752A2FF}</UniqueIdentifier>
      <Extensions>cpp;c;cc;cxx;def;odl;idl;hpj;bat;asm;asmx</Extensions>
    </Filter>
    <Filter Include="Header Files">
      <UniqueIdentifier>{93995380-89BD-4b04-88EB-625FBE52EBFB}</UniqueIdentifier>
      <Extensions>h;hpp;hxx;hm;inl;inc;xsd</Extensions>
    </Filter>
    <Filter Include="Resource Files">
      <UniqueIdentifier>{67DA6AB6-F800-4c08-8B7A-83BB121AAD01}</UniqueIdentifier>
      <Extensions>rc;ico;cur;bmp;dlg;rc2;rct;bin;rgs;gif;jpg;jpeg;jpe;resx;tiff;tif;png;wav;mfcribbon-ms</Extensions>
    </Filter>
    <Filter Include="Source Files\carcassonne">
      <UniqueIdentifier>{3c3a6a02-4344-4fbc-a092-a814885f8854}</UniqueIdentifier>
    </Filter>
    <Filter Include="Source Files\carcassonne\db">
      <UniqueIdentifier>{5260f6b4-cace-4581-b95f-ecac31f2db30}</UniqueIdentifier>
    </Filter>
    <Filter Include="Header Files\carcassonne">
      <UniqueIdentifier>{3e61e14d-b967-4e42-8ff0-80efb2e77c51}</UniqueIdentifier>
    </Filter>
    <Filter Include="Header Files\carcassonne\db">
      <UniqueIdentifier>{4b6e15b6-0ea7-419f-9cc7-3cfa8e76ddea}</UniqueIdentifier>
    </Filter>
    <Filter Include="Header Files\carcassonne\gfx">
      <UniqueIdentifier>{22b318a1-ac27-4bcf-864e-8fe6e10f53da}</UniqueIdentifier>
    </Filter>
    <Filter Include="Source Files\carcassonne\gfx">
      <UniqueIdentifier>{74118b2c-5a2a-4af4-874c-98e6414a35d5}</UniqueIdentifier>
    </Filter>
    <Filter Include="Header Files\_lib">
      <UniqueIdentifier>{edfd75e2-b785-4f8b-89a4-978d00b07daa}</UniqueIdentifier>
    </Filter>
    <Filter Include="Source Files\_lib">
      <UniqueIdentifier>{32e6e180-f644-4afb-ac8d-db9899784ffa}</UniqueIdentifier>
    </Filter>
    <Filter Include="Header Files\carcassonne\features">
      <UniqueIdentifier>{a024bb76-47d5-4df1-9d6a-1a777840ccc2}</UniqueIdentifier>
    </Filter>
    <Filter Include="Source Files\carcassonne\features">
      <UniqueIdentifier>{5151bc06-d84e-4bbb-aa28-787ea7bbccf2}</UniqueIdentifier>
    </Filter>
    <Filter Include="Header Files\carcassonne\scheduling">
      <UniqueIdentifier>{b549ab9c-5a9c-489e-940c-9298ce009e19}</UniqueIdentifier>
    </Filter>
    <Filter Include="Source Files\carcassonne\scheduling">
      <UniqueIdentifier>{f938d635-f493-4b11-ae4f-15c05975fd14}</UniqueIdentifier>
    </Filter>
  </ItemGroup>
  <ItemGroup>
    <ClCompile Include="src\carcassonne\db\db.cc">
      <Filter>Source Files\carcassonne\db</Filter>
    </ClCompile>
    <ClCompile Include="src\carcassonne\db\stmt.cc">
      <Filter>Source Files\carcassonne\db</Filter>
    </ClCompile>
    <ClCompile Include="src\carcassonne\game.cc">
      <Filter>Source Files\carcassonne</Filter>
    </ClCompile>
    <ClCompile Include="src\carcassonne\main.cc">
      <Filter>Source Files\carcassonne</Filter>
    </ClCompile>
    <ClCompile Include="src\carcassonne\gfx\perspective_camera.cc">
      <Filter>Source Files\carcassonne\gfx</Filter>
    </ClCompile>
    <ClCompile Include="src\carcassonne\gfx\texture.cc">
      <Filter>Source Files\carcassonne\gfx</Filter>
    </ClCompile>
    <ClCompile Include="src\carcassonne\gfx\texture_font.cc">
      <Filter>Source Files\carcassonne\gfx</Filter>
    </ClCompile>
    <ClCompile Include="src\carcassonne\gfx\graphics_configuration.cc">
      <Filter>Source Files\carcassonne\gfx</Filter>
    </ClCompile>
    <ClCompile Include="src\carcassonne\gfx\ortho_camera.cc">
      <Filter>Source Files\carcassonne\gfx</Filter>
    </ClCompile>
    <ClCompile Include="src\carcassonne\asset_manager.cc">
      <Filter>Source Files\carcassonne</Filter>
    </ClCompile>
    <ClCompile Include="src\stb_image.c">
      <Filter>Source Files\_lib</Filter>
    </ClCompile>
    <ClCompile Include="src\sqlite3.c">
      <Filter>Source Files\_lib</Filter>
    </ClCompile>
    <ClCompile Include="src\carcassonne\gfx\sprite.cc">
      <Filter>Source Files\carcassonne\gfx</Filter>
    </ClCompile>
    <ClCompile Include="src\carcassonne\gfx\mesh.cc">
      <Filter>Source Files\carcassonne\gfx</Filter>
    </ClCompile>
    <ClCompile Include="city.cc">
      <Filter>Source Files\carcassonne\features</Filter>
    </ClCompile>
    <ClCompile Include="cloister.cc">
      <Filter>Source Files\carcassonne\features</Filter>
    </ClCompile>
    <ClCompile Include="farm.cc">
      <Filter>Source Files\carcassonne\features</Filter>
    </ClCompile>
    <ClCompile Include="feature.cc">
      <Filter>Source Files\carcassonne\features</Filter>
    </ClCompile>
    <ClCompile Include="road.cc">
      <Filter>Source Files\carcassonne\features</Filter>
    </ClCompile>
    <ClCompile Include="src\carcassonne\scheduler\sequence.cc">
      <Filter>Source Files\carcassonne\scheduling</Filter>
    </ClCompile>
    <ClCompile Include="tile.cc">
      <Filter>Source Files\carcassonne</Filter>
    </ClCompile>
    <ClCompile Include="scenario.cc">
      <Filter>Source Files</Filter>
    </ClCompile>
    <ClCompile Include="player.cc">
      <Filter>Source Files</Filter>
    </ClCompile>
    <ClCompile Include="pile.cc">
      <Filter>Source Files</Filter>
    </ClCompile>
    <ClCompile Include="follower.cc">
      <Filter>Source Files</Filter>
    </ClCompile>
    <ClCompile Include="board.cc">
      <Filter>Source Files</Filter>
    </ClCompile>
  </ItemGroup>
  <ItemGroup>
    <ClInclude Include="include\carcassonne\_carcassonne.h">
      <Filter>Header Files\carcassonne</Filter>
    </ClInclude>
    <ClInclude Include="include\carcassonne\game.h">
      <Filter>Header Files\carcassonne</Filter>
    </ClInclude>
    <ClInclude Include="include\carcassonne\db\db.h">
      <Filter>Header Files\carcassonne\db</Filter>
    </ClInclude>
    <ClInclude Include="include\carcassonne\db\stmt.h">
      <Filter>Header Files\carcassonne\db</Filter>
    </ClInclude>
    <ClInclude Include="include\carcassonne\db\transaction.h">
      <Filter>Header Files\carcassonne\db</Filter>
    </ClInclude>
    <ClInclude Include="include\carcassonne\gfx\graphics_configuration.h">
      <Filter>Header Files\carcassonne\gfx</Filter>
    </ClInclude>
    <ClInclude Include="include\carcassonne\gfx\ortho_camera.h">
      <Filter>Header Files\carcassonne\gfx</Filter>
    </ClInclude>
    <ClInclude Include="include\carcassonne\gfx\perspective_camera.h">
      <Filter>Header Files\carcassonne\gfx</Filter>
    </ClInclude>
    <ClInclude Include="include\carcassonne\gfx\texture.h">
      <Filter>Header Files\carcassonne\gfx</Filter>
    </ClInclude>
    <ClInclude Include="include\carcassonne\gfx\texture_font.h">
      <Filter>Header Files\carcassonne\gfx</Filter>
    </ClInclude>
    <ClInclude Include="include\carcassonne\gfx\camera.h">
      <Filter>Header Files\carcassonne\gfx</Filter>
    </ClInclude>
    <ClInclude Include="include\carcassonne\asset_manager.h">
      <Filter>Header Files\carcassonne</Filter>
    </ClInclude>
    <ClInclude Include="include\sqlite3.h">
      <Filter>Header Files\_lib</Filter>
    </ClInclude>
    <ClInclude Include="include\stb_image.h">
      <Filter>Header Files\_lib</Filter>
    </ClInclude>
    <ClInclude Include="include\carcassonne\gfx\sprite.h">
      <Filter>Header Files\carcassonne\gfx</Filter>
    </ClInclude>
    <ClInclude Include="include\carcassonne\board.h">
      <Filter>Header Files\carcassonne</Filter>
    </ClInclude>
    <ClInclude Include="include\carcassonne\pile.h">
      <Filter>Header Files\carcassonne</Filter>
    </ClInclude>
    <ClInclude Include="include\carcassonne\player.h">
      <Filter>Header Files\carcassonne</Filter>
    </ClInclude>
    <ClInclude Include="include\carcassonne\scenario.h">
      <Filter>Header Files\carcassonne</Filter>
    </ClInclude>
    <ClInclude Include="include\carcassonne\tile.h">
      <Filter>Header Files\carcassonne</Filter>
    </ClInclude>
    <ClInclude Include="include\carcassonne\gfx\rect.h">
      <Filter>Header Files\carcassonne\gfx</Filter>
    </ClInclude>
    <ClInclude Include="include\carcassonne\features\city.h">
      <Filter>Header Files\carcassonne\features</Filter>
    </ClInclude>
    <ClInclude Include="include\carcassonne\features\cloister.h">
      <Filter>Header Files\carcassonne\features</Filter>
    </ClInclude>
    <ClInclude Include="include\carcassonne\features\farm.h">
      <Filter>Header Files\carcassonne\features</Filter>
    </ClInclude>
    <ClInclude Include="include\carcassonne\features\feature.h">
      <Filter>Header Files\carcassonne\features</Filter>
    </ClInclude>
    <ClInclude Include="include\carcassonne\features\road.h">
      <Filter>Header Files\carcassonne\features</Filter>
    </ClInclude>
    <ClInclude Include="include\carcassonne\follower.h">
      <Filter>Header Files\carcassonne</Filter>
    </ClInclude>
    <ClInclude Include="include\carcassonne\gfx\mesh.h">
      <Filter>Header Files\carcassonne\gfx</Filter>
    </ClInclude>
    <ClInclude Include="include\carcassonne\scheduling\sequence.h">
      <Filter>Header Files\carcassonne\scheduling</Filter>
    </ClInclude>
    <ClInclude Include="include\carcassonne\scheduling\unifier.h">
      <Filter>Header Files\carcassonne\scheduling</Filter>
    </ClInclude>
  </ItemGroup>
  <ItemGroup>
    <None Include="include\carcassonne\db\db.inl">
      <Filter>Header Files\carcassonne\db</Filter>
    </None>
    <None Include="include\carcassonne\db\stmt.inl">
      <Filter>Header Files\carcassonne\db</Filter>
    </None>
    <None Include="include\carcassonne\db\transaction.inl">
      <Filter>Header Files\carcassonne\db</Filter>
    </None>
    <None Include="include\carcassonne\gfx\camera.inl">
      <Filter>Header Files\carcassonne\gfx</Filter>
    </None>
    <None Include="include\carcassonne\gfx\rect.inl">
      <Filter>Header Files\carcassonne\gfx</Filter>
    </None>
    <None Include="include\carcassonne\gfx\sprite.inl">
      <Filter>Header Files\carcassonne\gfx</Filter>
    </None>
  </ItemGroup>
</Project>